// !$*UTF8*$!
{
	archiveVersion = 1;
	classes = {
	};
	objectVersion = 48;
	objects = {

/* Begin PBXBuildFile section */
		030DFC481FA8818100109F79 /* LoginVC.swift in Sources */ = {isa = PBXBuildFile; fileRef = 030DFC471FA8818100109F79 /* LoginVC.swift */; };
		036BE0251FAD3EE400175F85 /* TabBarVC.swift in Sources */ = {isa = PBXBuildFile; fileRef = 036BE0241FAD3EE400175F85 /* TabBarVC.swift */; };
		038FB5C11FAD59B600634701 /* HomeVC.swift in Sources */ = {isa = PBXBuildFile; fileRef = 038FB5C01FAD59B600634701 /* HomeVC.swift */; };
		038FB5C91FAD6EFF00634701 /* PostVC.swift in Sources */ = {isa = PBXBuildFile; fileRef = 038FB5C81FAD6EFF00634701 /* PostVC.swift */; };
		901DC01B1FAF459D00D14FD6 /* UsersVC.swift in Sources */ = {isa = PBXBuildFile; fileRef = 901DC01A1FAF459D00D14FD6 /* UsersVC.swift */; };
		901DC01D1FAF45D600D14FD6 /* UsersCell.swift in Sources */ = {isa = PBXBuildFile; fileRef = 901DC01C1FAF45D600D14FD6 /* UsersCell.swift */; };
		901DC0211FAF5EE700D14FD6 /* GuestVC.swift in Sources */ = {isa = PBXBuildFile; fileRef = 901DC0201FAF5EE700D14FD6 /* GuestVC.swift */; };
		90A894C81F9211F700C74B10 /* AppDelegate.swift in Sources */ = {isa = PBXBuildFile; fileRef = 90A894C71F9211F700C74B10 /* AppDelegate.swift */; };
		90A894CA1F9211F700C74B10 /* RegisterVC.swift in Sources */ = {isa = PBXBuildFile; fileRef = 90A894C91F9211F700C74B10 /* RegisterVC.swift */; };
		90A894CD1F9211F700C74B10 /* Main.storyboard in Resources */ = {isa = PBXBuildFile; fileRef = 90A894CB1F9211F700C74B10 /* Main.storyboard */; };
		90A894CF1F9211F700C74B10 /* Assets.xcassets in Resources */ = {isa = PBXBuildFile; fileRef = 90A894CE1F9211F700C74B10 /* Assets.xcassets */; };
		90A894D21F9211F700C74B10 /* LaunchScreen.storyboard in Resources */ = {isa = PBXBuildFile; fileRef = 90A894D01F9211F700C74B10 /* LaunchScreen.storyboard */; };
		90F404D11FAD31F8008ACF2A /* NavVC.swift in Sources */ = {isa = PBXBuildFile; fileRef = 90F404D01FAD31F8008ACF2A /* NavVC.swift */; };
		90F404D71FAE4F3F008ACF2A /* PostCell.swift in Sources */ = {isa = PBXBuildFile; fileRef = 90F404D61FAE4F3F008ACF2A /* PostCell.swift */; };
/* End PBXBuildFile section */

/* Begin PBXFileReference section */
		030DFC471FA8818100109F79 /* LoginVC.swift */ = {isa = PBXFileReference; lastKnownFileType = sourcecode.swift; path = LoginVC.swift; sourceTree = "<group>"; };
		036BE0241FAD3EE400175F85 /* TabBarVC.swift */ = {isa = PBXFileReference; lastKnownFileType = sourcecode.swift; path = TabBarVC.swift; sourceTree = "<group>"; };
		038FB5C01FAD59B600634701 /* HomeVC.swift */ = {isa = PBXFileReference; lastKnownFileType = sourcecode.swift; path = HomeVC.swift; sourceTree = "<group>"; };
		038FB5C81FAD6EFF00634701 /* PostVC.swift */ = {isa = PBXFileReference; lastKnownFileType = sourcecode.swift; path = PostVC.swift; sourceTree = "<group>"; };
		901DC01A1FAF459D00D14FD6 /* UsersVC.swift */ = {isa = PBXFileReference; lastKnownFileType = sourcecode.swift; path = UsersVC.swift; sourceTree = "<group>"; };
		901DC01C1FAF45D600D14FD6 /* UsersCell.swift */ = {isa = PBXFileReference; lastKnownFileType = sourcecode.swift; path = UsersCell.swift; sourceTree = "<group>"; };
		901DC0201FAF5EE700D14FD6 /* GuestVC.swift */ = {isa = PBXFileReference; lastKnownFileType = sourcecode.swift; path = GuestVC.swift; sourceTree = "<group>"; };
		90A894C41F9211F700C74B10 /* AfekBook.app */ = {isa = PBXFileReference; explicitFileType = wrapper.application; includeInIndex = 0; path = AfekBook.app; sourceTree = BUILT_PRODUCTS_DIR; };
		90A894C71F9211F700C74B10 /* AppDelegate.swift */ = {isa = PBXFileReference; lastKnownFileType = sourcecode.swift; path = AppDelegate.swift; sourceTree = "<group>"; };
		90A894C91F9211F700C74B10 /* RegisterVC.swift */ = {isa = PBXFileReference; lastKnownFileType = sourcecode.swift; path = RegisterVC.swift; sourceTree = "<group>"; };
		90A894CC1F9211F700C74B10 /* Base */ = {isa = PBXFileReference; lastKnownFileType = file.storyboard; name = Base; path = Base.lproj/Main.storyboard; sourceTree = "<group>"; };
		90A894CE1F9211F700C74B10 /* Assets.xcassets */ = {isa = PBXFileReference; lastKnownFileType = folder.assetcatalog; path = Assets.xcassets; sourceTree = "<group>"; };
		90A894D11F9211F700C74B10 /* Base */ = {isa = PBXFileReference; lastKnownFileType = file.storyboard; name = Base; path = Base.lproj/LaunchScreen.storyboard; sourceTree = "<group>"; };
		90A894D31F9211F700C74B10 /* Info.plist */ = {isa = PBXFileReference; lastKnownFileType = text.plist.xml; path = Info.plist; sourceTree = "<group>"; };
		90F404D01FAD31F8008ACF2A /* NavVC.swift */ = {isa = PBXFileReference; lastKnownFileType = sourcecode.swift; path = NavVC.swift; sourceTree = "<group>"; };
		90F404D61FAE4F3F008ACF2A /* PostCell.swift */ = {isa = PBXFileReference; lastKnownFileType = sourcecode.swift; path = PostCell.swift; sourceTree = "<group>"; };
/* End PBXFileReference section */

/* Begin PBXFrameworksBuildPhase section */
		90A894C11F9211F700C74B10 /* Frameworks */ = {
			isa = PBXFrameworksBuildPhase;
			buildActionMask = 2147483647;
			files = (
			);
			runOnlyForDeploymentPostprocessing = 0;
		};
/* End PBXFrameworksBuildPhase section */

/* Begin PBXGroup section */
		618200936E7EFBDE05B48F73 /* Images */ = {
			isa = PBXGroup;
			children = (
			);
			path = Images;
			sourceTree = "<group>";
		};
		90A894BB1F9211F700C74B10 = {
			isa = PBXGroup;
			children = (
				90A894C61F9211F700C74B10 /* AfekBook */,
				90A894C51F9211F700C74B10 /* Products */,
			);
			sourceTree = "<group>";
		};
		90A894C51F9211F700C74B10 /* Products */ = {
			isa = PBXGroup;
			children = (
				90A894C41F9211F700C74B10 /* AfekBook.app */,
			);
			name = Products;
			sourceTree = "<group>";
		};
		90A894C61F9211F700C74B10 /* AfekBook */ = {
			isa = PBXGroup;
			children = (
				90A894C71F9211F700C74B10 /* AppDelegate.swift */,
				90A894C91F9211F700C74B10 /* RegisterVC.swift */,
				030DFC471FA8818100109F79 /* LoginVC.swift */,
				90A894CB1F9211F700C74B10 /* Main.storyboard */,
				90A894CE1F9211F700C74B10 /* Assets.xcassets */,
				90A894D01F9211F700C74B10 /* LaunchScreen.storyboard */,
				90A894D31F9211F700C74B10 /* Info.plist */,
				90F404D01FAD31F8008ACF2A /* NavVC.swift */,
				036BE0241FAD3EE400175F85 /* TabBarVC.swift */,
				038FB5C01FAD59B600634701 /* HomeVC.swift */,
				038FB5C81FAD6EFF00634701 /* PostVC.swift */,
				90F404D61FAE4F3F008ACF2A /* PostCell.swift */,
				901DC01A1FAF459D00D14FD6 /* UsersVC.swift */,
				901DC01C1FAF45D600D14FD6 /* UsersCell.swift */,
				618200936E7EFBDE05B48F73 /* Images */,
				901DC0201FAF5EE700D14FD6 /* GuestVC.swift */,
			);
			path = AfekBook;
			sourceTree = "<group>";
		};
/* End PBXGroup section */

/* Begin PBXNativeTarget section */
		90A894C31F9211F700C74B10 /* AfekBook */ = {
			isa = PBXNativeTarget;
			buildConfigurationList = 90A894D61F9211F700C74B10 /* Build configuration list for PBXNativeTarget "AfekBook" */;
			buildPhases = (
				90A894C01F9211F700C74B10 /* Sources */,
				90A894C11F9211F700C74B10 /* Frameworks */,
				90A894C21F9211F700C74B10 /* Resources */,
			);
			buildRules = (
			);
			dependencies = (
			);
			name = AfekBook;
			productName = AfekBook;
			productReference = 90A894C41F9211F700C74B10 /* AfekBook.app */;
			productType = "com.apple.product-type.application";
		};
/* End PBXNativeTarget section */

/* Begin PBXProject section */
		90A894BC1F9211F700C74B10 /* Project object */ = {
			isa = PBXProject;
			attributes = {
				LastSwiftUpdateCheck = 0900;
				LastUpgradeCheck = 0900;
				ORGANIZATIONNAME = "Ran Endelman";
				TargetAttributes = {
					90A894C31F9211F700C74B10 = {
						CreatedOnToolsVersion = 9.0;
						ProvisioningStyle = Automatic;
					};
				};
			};
			buildConfigurationList = 90A894BF1F9211F700C74B10 /* Build configuration list for PBXProject "AfekBook" */;
			compatibilityVersion = "Xcode 8.0";
			developmentRegion = en;
			hasScannedForEncodings = 0;
			knownRegions = (
				en,
				Base,
			);
			mainGroup = 90A894BB1F9211F700C74B10;
			productRefGroup = 90A894C51F9211F700C74B10 /* Products */;
			projectDirPath = "";
			projectRoot = "";
			targets = (
				90A894C31F9211F700C74B10 /* AfekBook */,
			);
		};
/* End PBXProject section */

/* Begin PBXResourcesBuildPhase section */
		90A894C21F9211F700C74B10 /* Resources */ = {
			isa = PBXResourcesBuildPhase;
			buildActionMask = 2147483647;
			files = (
				90A894D21F9211F700C74B10 /* LaunchScreen.storyboard in Resources */,
				90A894CF1F9211F700C74B10 /* Assets.xcassets in Resources */,
				90A894CD1F9211F700C74B10 /* Main.storyboard in Resources */,
			);
			runOnlyForDeploymentPostprocessing = 0;
		};
/* End PBXResourcesBuildPhase section */

/* Begin PBXSourcesBuildPhase section */
		90A894C01F9211F700C74B10 /* Sources */ = {
			isa = PBXSourcesBuildPhase;
			buildActionMask = 2147483647;
			files = (
				90F404D11FAD31F8008ACF2A /* NavVC.swift in Sources */,
				90A894CA1F9211F700C74B10 /* RegisterVC.swift in Sources */,
				036BE0251FAD3EE400175F85 /* TabBarVC.swift in Sources */,
				038FB5C11FAD59B600634701 /* HomeVC.swift in Sources */,
				901DC01D1FAF45D600D14FD6 /* UsersCell.swift in Sources */,
				038FB5C91FAD6EFF00634701 /* PostVC.swift in Sources */,
				90A894C81F9211F700C74B10 /* AppDelegate.swift in Sources */,
				030DFC481FA8818100109F79 /* LoginVC.swift in Sources */,
				90F404D71FAE4F3F008ACF2A /* PostCell.swift in Sources */,
				901DC0211FAF5EE700D14FD6 /* GuestVC.swift in Sources */,
				901DC01B1FAF459D00D14FD6 /* UsersVC.swift in Sources */,
			);
			runOnlyForDeploymentPostprocessing = 0;
		};
/* End PBXSourcesBuildPhase section */

/* Begin PBXVariantGroup section */
		90A894CB1F9211F700C74B10 /* Main.storyboard */ = {
			isa = PBXVariantGroup;
			children = (
				90A894CC1F9211F700C74B10 /* Base */,
			);
			name = Main.storyboard;
			sourceTree = "<group>";
		};
		90A894D01F9211F700C74B10 /* LaunchScreen.storyboard */ = {
			isa = PBXVariantGroup;
			children = (
				90A894D11F9211F700C74B10 /* Base */,
			);
			name = LaunchScreen.storyboard;
			sourceTree = "<group>";
		};
/* End PBXVariantGroup section */

/* Begin XCBuildConfiguration section */
		90A894D41F9211F700C74B10 /* Debug */ = {
			isa = XCBuildConfiguration;
			buildSettings = {
				ALWAYS_SEARCH_USER_PATHS = NO;
				CLANG_ANALYZER_NONNULL = YES;
				CLANG_ANALYZER_NUMBER_OBJECT_CONVERSION = YES_AGGRESSIVE;
				CLANG_CXX_LANGUAGE_STANDARD = "gnu++14";
				CLANG_CXX_LIBRARY = "libc++";
				CLANG_ENABLE_MODULES = YES;
				CLANG_ENABLE_OBJC_ARC = YES;
				CLANG_WARN_BLOCK_CAPTURE_AUTORELEASING = YES;
				CLANG_WARN_BOOL_CONVERSION = YES;
				CLANG_WARN_COMMA = YES;
				CLANG_WARN_CONSTANT_CONVERSION = YES;
				CLANG_WARN_DIRECT_OBJC_ISA_USAGE = YES_ERROR;
				CLANG_WARN_DOCUMENTATION_COMMENTS = YES;
				CLANG_WARN_EMPTY_BODY = YES;
				CLANG_WARN_ENUM_CONVERSION = YES;
				CLANG_WARN_INFINITE_RECURSION = YES;
				CLANG_WARN_INT_CONVERSION = YES;
				CLANG_WARN_NON_LITERAL_NULL_CONVERSION = YES;
				CLANG_WARN_OBJC_LITERAL_CONVERSION = YES;
				CLANG_WARN_OBJC_ROOT_CLASS = YES_ERROR;
				CLANG_WARN_RANGE_LOOP_ANALYSIS = YES;
				CLANG_WARN_STRICT_PROTOTYPES = YES;
				CLANG_WARN_SUSPICIOUS_MOVE = YES;
				CLANG_WARN_UNGUARDED_AVAILABILITY = YES_AGGRESSIVE;
				CLANG_WARN_UNREACHABLE_CODE = YES;
				CLANG_WARN__DUPLICATE_METHOD_MATCH = YES;
				CODE_SIGN_IDENTITY = "iPhone Developer";
				COPY_PHASE_STRIP = NO;
				DEBUG_INFORMATION_FORMAT = dwarf;
				ENABLE_STRICT_OBJC_MSGSEND = YES;
				ENABLE_TESTABILITY = YES;
				GCC_C_LANGUAGE_STANDARD = gnu11;
				GCC_DYNAMIC_NO_PIC = NO;
				GCC_NO_COMMON_BLOCKS = YES;
				GCC_OPTIMIZATION_LEVEL = 0;
				GCC_PREPROCESSOR_DEFINITIONS = (
					"DEBUG=1",
					"$(inherited)",
				);
				GCC_WARN_64_TO_32_BIT_CONVERSION = YES;
				GCC_WARN_ABOUT_RETURN_TYPE = YES_ERROR;
				GCC_WARN_UNDECLARED_SELECTOR = YES;
				GCC_WARN_UNINITIALIZED_AUTOS = YES_AGGRESSIVE;
				GCC_WARN_UNUSED_FUNCTION = YES;
				GCC_WARN_UNUSED_VARIABLE = YES;
				IPHONEOS_DEPLOYMENT_TARGET = 11.0;
				MTL_ENABLE_DEBUG_INFO = YES;
				ONLY_ACTIVE_ARCH = YES;
				SDKROOT = iphoneos;
				SWIFT_ACTIVE_COMPILATION_CONDITIONS = DEBUG;
				SWIFT_OPTIMIZATION_LEVEL = "-Onone";
			};
			name = Debug;
		};
		90A894D51F9211F700C74B10 /* Release */ = {
			isa = XCBuildConfiguration;
			buildSettings = {
				ALWAYS_SEARCH_USER_PATHS = NO;
				CLANG_ANALYZER_NONNULL = YES;
				CLANG_ANALYZER_NUMBER_OBJECT_CONVERSION = YES_AGGRESSIVE;
				CLANG_CXX_LANGUAGE_STANDARD = "gnu++14";
				CLANG_CXX_LIBRARY = "libc++";
				CLANG_ENABLE_MODULES = YES;
				CLANG_ENABLE_OBJC_ARC = YES;
				CLANG_WARN_BLOCK_CAPTURE_AUTORELEASING = YES;
				CLANG_WARN_BOOL_CONVERSION = YES;
				CLANG_WARN_COMMA = YES;
				CLANG_WARN_CONSTANT_CONVERSION = YES;
				CLANG_WARN_DIRECT_OBJC_ISA_USAGE = YES_ERROR;
				CLANG_WARN_DOCUMENTATION_COMMENTS = YES;
				CLANG_WARN_EMPTY_BODY = YES;
				CLANG_WARN_ENUM_CONVERSION = YES;
				CLANG_WARN_INFINITE_RECURSION = YES;
				CLANG_WARN_INT_CONVERSION = YES;
				CLANG_WARN_NON_LITERAL_NULL_CONVERSION = YES;
				CLANG_WARN_OBJC_LITERAL_CONVERSION = YES;
				CLANG_WARN_OBJC_ROOT_CLASS = YES_ERROR;
				CLANG_WARN_RANGE_LOOP_ANALYSIS = YES;
				CLANG_WARN_STRICT_PROTOTYPES = YES;
				CLANG_WARN_SUSPICIOUS_MOVE = YES;
				CLANG_WARN_UNGUARDED_AVAILABILITY = YES_AGGRESSIVE;
				CLANG_WARN_UNREACHABLE_CODE = YES;
				CLANG_WARN__DUPLICATE_METHOD_MATCH = YES;
				CODE_SIGN_IDENTITY = "iPhone Developer";
				COPY_PHASE_STRIP = NO;
				DEBUG_INFORMATION_FORMAT = "dwarf-with-dsym";
				ENABLE_NS_ASSERTIONS = NO;
				ENABLE_STRICT_OBJC_MSGSEND = YES;
				GCC_C_LANGUAGE_STANDARD = gnu11;
				GCC_NO_COMMON_BLOCKS = YES;
				GCC_WARN_64_TO_32_BIT_CONVERSION = YES;
				GCC_WARN_ABOUT_RETURN_TYPE = YES_ERROR;
				GCC_WARN_UNDECLARED_SELECTOR = YES;
				GCC_WARN_UNINITIALIZED_AUTOS = YES_AGGRESSIVE;
				GCC_WARN_UNUSED_FUNCTION = YES;
				GCC_WARN_UNUSED_VARIABLE = YES;
				IPHONEOS_DEPLOYMENT_TARGET = 11.0;
				MTL_ENABLE_DEBUG_INFO = NO;
				SDKROOT = iphoneos;
				SWIFT_OPTIMIZATION_LEVEL = "-Owholemodule";
				VALIDATE_PRODUCT = YES;
			};
			name = Release;
		};
		90A894D71F9211F700C74B10 /* Debug */ = {
			isa = XCBuildConfiguration;
			buildSettings = {
				ASSETCATALOG_COMPILER_APPICON_NAME = AppIcon;
				CODE_SIGN_STYLE = Automatic;
				DEVELOPMENT_TEAM = "";
				INFOPLIST_FILE = AfekBook/Info.plist;
				IPHONEOS_DEPLOYMENT_TARGET = 10.3;
				LD_RUNPATH_SEARCH_PATHS = "$(inherited) @executable_path/Frameworks";
				PRODUCT_BUNDLE_IDENTIFIER = com.ranendelman.AfekBook;
				PRODUCT_NAME = "$(TARGET_NAME)";
				SWIFT_VERSION = 4.0;
				TARGETED_DEVICE_FAMILY = "1,2";
			};
			name = Debug;
		};
		90A894D81F9211F700C74B10 /* Release */ = {
			isa = XCBuildConfiguration;
			buildSettings = {
				ASSETCATALOG_COMPILER_APPICON_NAME = AppIcon;
				CODE_SIGN_STYLE = Automatic;
				DEVELOPMENT_TEAM = "";
				INFOPLIST_FILE = AfekBook/Info.plist;
				IPHONEOS_DEPLOYMENT_TARGET = 10.3;
				LD_RUNPATH_SEARCH_PATHS = "$(inherited) @executable_path/Frameworks";
				PRODUCT_BUNDLE_IDENTIFIER = com.ranendelman.AfekBook;
				PRODUCT_NAME = "$(TARGET_NAME)";
				SWIFT_VERSION = 4.0;
				TARGETED_DEVICE_FAMILY = "1,2";
			};
			name = Release;
		};
/* End XCBuildConfiguration section */

/* Begin XCConfigurationList section */
		90A894BF1F9211F700C74B10 /* Build configuration list for PBXProject "AfekBook" */ = {
			isa = XCConfigurationList;
			buildConfigurations = (
				90A894D41F9211F700C74B10 /* Debug */,
				90A894D51F9211F700C74B10 /* Release */,
			);
			defaultConfigurationIsVisible = 0;
			defaultConfigurationName = Release;
		};
		90A894D61F9211F700C74B10 /* Build configuration list for PBXNativeTarget "AfekBook" */ = {
			isa = XCConfigurationList;
			buildConfigurations = (
				90A894D71F9211F700C74B10 /* Debug */,
				90A894D81F9211F700C74B10 /* Release */,
			);
			defaultConfigurationIsVisible = 0;
			defaultConfigurationName = Release;
		};
/* End XCConfigurationList section */
	};
	rootObject = 90A894BC1F9211F700C74B10 /* Project object */;
}
